
Microsoft Visual Studio Solution File, Format Version 12.00
# Visual Studio Version 17
VisualStudioVersion = 17.7.34202.233
MinimumVisualStudioVersion = 10.0.40219.1
Project("{8BC9CEB8-8B4A-11D0-8D11-00A0C91BC942}") = "11_zadatak", "11_zadatak\11_zadatak.vcxproj", "{903C8424-2E91-4C36-A992-450F7336A69B}"
EndProject
Global
	GlobalSection(SolutionConfigurationPlatforms) = preSolution
		Debug|x64 = Debug|x64
		Debug|x86 = Debug|x86
		Release|x64 = Release|x64
		Release|x86 = Release|x86
	EndGlobalSection
	GlobalSection(ProjectConfigurationPlatforms) = postSolution
		{903C8424-2E91-4C36-A992-450F7336A69B}.Debug|x64.ActiveCfg = Debug|x64
		{903C8424-2E91-4C36-A992-450F7336A69B}.Debug|x64.Build.0 = Debug|x64
		{903C8424-2E91-4C36-A992-450F7336A69B}.Debug|x86.ActiveCfg = Debug|Win32
		{903C8424-2E91-4C36-A992-450F7336A69B}.Debug|x86.Build.0 = Debug|Win32
		{903C8424-2E91-4C36-A992-450F7336A69B}.Release|x64.ActiveCfg = Release|x64
		{903C8424-2E91-4C36-A992-450F7336A69B}.Release|x64.Build.0 = Release|x64
		{903C8424-2E91-4C36-A992-450F7336A69B}.Release|x86.ActiveCfg = Release|Win32
		{903C8424-2E91-4C36-A992-450F7336A69B}.Release|x86.Build.0 = Release|Win32
	EndGlobalSection
	GlobalSection(SolutionProperties) = preSolution
		HideSolutionNode = FALSE
	EndGlobalSection
	GlobalSection(ExtensibilityGlobals) = postSolution
		SolutionGuid = {56B81DF9-4453-421D-83E3-7DA0AAC40E5E}
	EndGlobalSection
EndGlobal
